// !$*UTF8*$!
{
	archiveVersion = 1;
	classes = {
	};
	objectVersion = 52;
	objects = {

/* Begin PBXBuildFile section */
		3C0D75B522C1781A00EF0E0D /* AppDelegate.swift in Sources */ = {isa = PBXBuildFile; fileRef = 3C0D75B422C1781A00EF0E0D /* AppDelegate.swift */; };
		3C0D75B722C1781A00EF0E0D /* SceneDelegate.swift in Sources */ = {isa = PBXBuildFile; fileRef = 3C0D75B622C1781A00EF0E0D /* SceneDelegate.swift */; };
		3C0D75BA22C1781A00EF0E0D /* StartupCommander.xcdatamodeld in Sources */ = {isa = PBXBuildFile; fileRef = 3C0D75B822C1781A00EF0E0D /* StartupCommander.xcdatamodeld */; };
		3C0D75BC22C1781A00EF0E0D /* ContentView.swift in Sources */ = {isa = PBXBuildFile; fileRef = 3C0D75BB22C1781A00EF0E0D /* ContentView.swift */; };
		3C0D75BE22C1781A00EF0E0D /* Assets.xcassets in Resources */ = {isa = PBXBuildFile; fileRef = 3C0D75BD22C1781A00EF0E0D /* Assets.xcassets */; };
		3C0D75C122C1781A00EF0E0D /* Preview Assets.xcassets in Resources */ = {isa = PBXBuildFile; fileRef = 3C0D75C022C1781A00EF0E0D /* Preview Assets.xcassets */; };
		3C0D75C422C1781A00EF0E0D /* LaunchScreen.storyboard in Resources */ = {isa = PBXBuildFile; fileRef = 3C0D75C222C1781A00EF0E0D /* LaunchScreen.storyboard */; };
		3C0D75DA22C1781A00EF0E0D /* StartupCommanderUITests.swift in Sources */ = {isa = PBXBuildFile; fileRef = 3C0D75D922C1781A00EF0E0D /* StartupCommanderUITests.swift */; };
		3C0D75EA22C19DD300EF0E0D /* MainNavigationView.swift in Sources */ = {isa = PBXBuildFile; fileRef = 3C0D75E922C19DD300EF0E0D /* MainNavigationView.swift */; };
		3C0D75EF22C19F8C00EF0E0D /* CommandRow.swift in Sources */ = {isa = PBXBuildFile; fileRef = 3C0D75EE22C19F8C00EF0E0D /* CommandRow.swift */; };
		3C0D75F122C1A49600EF0E0D /* CommandKeyDetail.swift in Sources */ = {isa = PBXBuildFile; fileRef = 3C0D75F022C1A49600EF0E0D /* CommandKeyDetail.swift */; };
		3C1942D622C2782000BDF4A9 /* SafariContainterView.swift in Sources */ = {isa = PBXBuildFile; fileRef = 3C1942D522C2782000BDF4A9 /* SafariContainterView.swift */; };
		3C1942D822C2ACE300BDF4A9 /* SettingsView.swift in Sources */ = {isa = PBXBuildFile; fileRef = 3C1942D722C2ACE300BDF4A9 /* SettingsView.swift */; };
		3C1942DC22C2D62400BDF4A9 /* OSSView.swift in Sources */ = {isa = PBXBuildFile; fileRef = 3C1942DB22C2D62400BDF4A9 /* OSSView.swift */; };
		3C1942DE22C2D6A900BDF4A9 /* AboutPaulView.swift in Sources */ = {isa = PBXBuildFile; fileRef = 3C1942DD22C2D6A900BDF4A9 /* AboutPaulView.swift */; };
		3C1B546222D4CB2A006F686A /* DoneButton.swift in Sources */ = {isa = PBXBuildFile; fileRef = 3C1B546122D4CB2A006F686A /* DoneButton.swift */; };
		3C2C5BBB22C2F6FA0064357D /* WorkExperienceCell.swift in Sources */ = {isa = PBXBuildFile; fileRef = 3C2C5BBA22C2F6FA0064357D /* WorkExperienceCell.swift */; };
		3C2C5BBD22C2F7260064357D /* Resume.swift in Sources */ = {isa = PBXBuildFile; fileRef = 3C2C5BBC22C2F7260064357D /* Resume.swift */; };
		3C58F95922D4EB1B00222C25 /* CoreDataService.swift in Sources */ = {isa = PBXBuildFile; fileRef = 3C58F95822D4EB1B00222C25 /* CoreDataService.swift */; };
		3C58F95C22D4EC9500222C25 /* CommandsPresenter.swift in Sources */ = {isa = PBXBuildFile; fileRef = 3C58F95B22D4EC9500222C25 /* CommandsPresenter.swift */; };
		3C58F96022D4FB2700222C25 /* CoreDataServiceTests.swift in Sources */ = {isa = PBXBuildFile; fileRef = 3C58F95F22D4FB2700222C25 /* CoreDataServiceTests.swift */; };
		3C58F96322D4FC6A00222C25 /* EntwineTest in Frameworks */ = {isa = PBXBuildFile; productRef = 3C58F96222D4FC6A00222C25 /* EntwineTest */; };
		3C58F96522D4FC6A00222C25 /* Entwine in Frameworks */ = {isa = PBXBuildFile; productRef = 3C58F96422D4FC6A00222C25 /* Entwine */; };
		3C58F96722D4FCC500222C25 /* TestingAppDelegate.swift in Sources */ = {isa = PBXBuildFile; fileRef = 3C58F96622D4FCC500222C25 /* TestingAppDelegate.swift */; };
		3C58F96922D4FCD800222C25 /* main.swift in Sources */ = {isa = PBXBuildFile; fileRef = 3C58F96822D4FCD800222C25 /* main.swift */; };
		3C63FDD222C410AE006956C5 /* CommanderTests.swift in Sources */ = {isa = PBXBuildFile; fileRef = 3C63FDD122C410AE006956C5 /* CommanderTests.swift */; };
		3C63FDD522C412C1006956C5 /* DataAssets.swift in Sources */ = {isa = PBXBuildFile; fileRef = 3C63FDD422C412C1006956C5 /* DataAssets.swift */; };
		3C63FDDA22C4171F006956C5 /* SFSafeSymbols in Frameworks */ = {isa = PBXBuildFile; productRef = 3C63FDD922C4171F006956C5 /* SFSafeSymbols */; };
		3C63FDDC22C41763006956C5 /* OSSDataStore.swift in Sources */ = {isa = PBXBuildFile; fileRef = 3C63FDDB22C41763006956C5 /* OSSDataStore.swift */; };
		3C63FDDE22C41BB5006956C5 /* iPhoneEnvironment.swift in Sources */ = {isa = PBXBuildFile; fileRef = 3C63FDDD22C41BB5006956C5 /* iPhoneEnvironment.swift */; };
		3C766CEC22C3B5DA00BBB720 /* SwiftUI+Ext.swift in Sources */ = {isa = PBXBuildFile; fileRef = 3C766CEB22C3B5DA00BBB720 /* SwiftUI+Ext.swift */; };
		3C766CEE22C3C13C00BBB720 /* ContactMethodCell.swift in Sources */ = {isa = PBXBuildFile; fileRef = 3C766CED22C3C13C00BBB720 /* ContactMethodCell.swift */; };
		3C766CF022C3C5EB00BBB720 /* ListOStrings.swift in Sources */ = {isa = PBXBuildFile; fileRef = 3C766CEF22C3C5EB00BBB720 /* ListOStrings.swift */; };
		3C766CF222C3C8D100BBB720 /* SwiftUI+Styles.swift in Sources */ = {isa = PBXBuildFile; fileRef = 3C766CF122C3C8D100BBB720 /* SwiftUI+Styles.swift */; };
		3C919C4522D6C30C002FFFF6 /* CommandKeyTest.swift in Sources */ = {isa = PBXBuildFile; fileRef = 3C919C4422D6C30C002FFFF6 /* CommandKeyTest.swift */; };
		3CA1D6BF22D3CB7E0085049A /* PresentationLink2.swift in Sources */ = {isa = PBXBuildFile; fileRef = 3CA1D6BE22D3CB7E0085049A /* PresentationLink2.swift */; };
		3CA1D6C322D3D48C0085049A /* CloudKit.framework in Frameworks */ = {isa = PBXBuildFile; fileRef = 3CA1D6C222D3D48C0085049A /* CloudKit.framework */; };
		3CABDB0922D3957E00D62303 /* PhoneCaller.swift in Sources */ = {isa = PBXBuildFile; fileRef = 3CABDB0822D3957E00D62303 /* PhoneCaller.swift */; };
		3CABDB0B22D3964300D62303 /* EmailSender.swift in Sources */ = {isa = PBXBuildFile; fileRef = 3CABDB0A22D3964300D62303 /* EmailSender.swift */; };
		3CDE8C5322D50F2B002B2AB9 /* CoreDataContainerService.swift in Sources */ = {isa = PBXBuildFile; fileRef = 3CDE8C5222D50F2B002B2AB9 /* CoreDataContainerService.swift */; };
		3CDE8C5722D5197C002B2AB9 /* Command+CommandKey.swift in Sources */ = {isa = PBXBuildFile; fileRef = 3CDE8C5622D5197C002B2AB9 /* Command+CommandKey.swift */; };
		3CDE8C5A22D55157002B2AB9 /* TestPersistentContainer.swift in Sources */ = {isa = PBXBuildFile; fileRef = 3CDE8C5422D510B0002B2AB9 /* TestPersistentContainer.swift */; };
/* End PBXBuildFile section */

/* Begin PBXContainerItemProxy section */
		3C0D75CB22C1781A00EF0E0D /* PBXContainerItemProxy */ = {
			isa = PBXContainerItemProxy;
			containerPortal = 3C0D75A922C1781A00EF0E0D /* Project object */;
			proxyType = 1;
			remoteGlobalIDString = 3C0D75B022C1781A00EF0E0D;
			remoteInfo = StartupCommander;
		};
		3C0D75D622C1781A00EF0E0D /* PBXContainerItemProxy */ = {
			isa = PBXContainerItemProxy;
			containerPortal = 3C0D75A922C1781A00EF0E0D /* Project object */;
			proxyType = 1;
			remoteGlobalIDString = 3C0D75B022C1781A00EF0E0D;
			remoteInfo = StartupCommander;
		};
/* End PBXContainerItemProxy section */

/* Begin PBXFileReference section */
		3C0D75B122C1781A00EF0E0D /* StartupCommander.app */ = {isa = PBXFileReference; explicitFileType = wrapper.application; includeInIndex = 0; path = StartupCommander.app; sourceTree = BUILT_PRODUCTS_DIR; };
		3C0D75B422C1781A00EF0E0D /* AppDelegate.swift */ = {isa = PBXFileReference; lastKnownFileType = sourcecode.swift; path = AppDelegate.swift; sourceTree = "<group>"; };
		3C0D75B622C1781A00EF0E0D /* SceneDelegate.swift */ = {isa = PBXFileReference; lastKnownFileType = sourcecode.swift; path = SceneDelegate.swift; sourceTree = "<group>"; };
		3C0D75B922C1781A00EF0E0D /* StartupCommander.xcdatamodel */ = {isa = PBXFileReference; lastKnownFileType = wrapper.xcdatamodel; path = StartupCommander.xcdatamodel; sourceTree = "<group>"; };
		3C0D75BB22C1781A00EF0E0D /* ContentView.swift */ = {isa = PBXFileReference; lastKnownFileType = sourcecode.swift; path = ContentView.swift; sourceTree = "<group>"; };
		3C0D75BD22C1781A00EF0E0D /* Assets.xcassets */ = {isa = PBXFileReference; lastKnownFileType = folder.assetcatalog; path = Assets.xcassets; sourceTree = "<group>"; };
		3C0D75C022C1781A00EF0E0D /* Preview Assets.xcassets */ = {isa = PBXFileReference; lastKnownFileType = folder.assetcatalog; path = "Preview Assets.xcassets"; sourceTree = "<group>"; };
		3C0D75C322C1781A00EF0E0D /* Base */ = {isa = PBXFileReference; lastKnownFileType = file.storyboard; name = Base; path = Base.lproj/LaunchScreen.storyboard; sourceTree = "<group>"; };
		3C0D75C522C1781A00EF0E0D /* Info.plist */ = {isa = PBXFileReference; lastKnownFileType = text.plist.xml; path = Info.plist; sourceTree = "<group>"; };
		3C0D75CA22C1781A00EF0E0D /* StartupCommanderTests.xctest */ = {isa = PBXFileReference; explicitFileType = wrapper.cfbundle; includeInIndex = 0; path = StartupCommanderTests.xctest; sourceTree = BUILT_PRODUCTS_DIR; };
		3C0D75D022C1781A00EF0E0D /* Info.plist */ = {isa = PBXFileReference; lastKnownFileType = text.plist.xml; path = Info.plist; sourceTree = "<group>"; };
		3C0D75D522C1781A00EF0E0D /* StartupCommanderUITests.xctest */ = {isa = PBXFileReference; explicitFileType = wrapper.cfbundle; includeInIndex = 0; path = StartupCommanderUITests.xctest; sourceTree = BUILT_PRODUCTS_DIR; };
		3C0D75D922C1781A00EF0E0D /* StartupCommanderUITests.swift */ = {isa = PBXFileReference; lastKnownFileType = sourcecode.swift; path = StartupCommanderUITests.swift; sourceTree = "<group>"; };
		3C0D75DB22C1781A00EF0E0D /* Info.plist */ = {isa = PBXFileReference; lastKnownFileType = text.plist.xml; path = Info.plist; sourceTree = "<group>"; };
		3C0D75E922C19DD300EF0E0D /* MainNavigationView.swift */ = {isa = PBXFileReference; lastKnownFileType = sourcecode.swift; path = MainNavigationView.swift; sourceTree = "<group>"; };
		3C0D75EE22C19F8C00EF0E0D /* CommandRow.swift */ = {isa = PBXFileReference; lastKnownFileType = sourcecode.swift; path = CommandRow.swift; sourceTree = "<group>"; };
		3C0D75F022C1A49600EF0E0D /* CommandKeyDetail.swift */ = {isa = PBXFileReference; lastKnownFileType = sourcecode.swift; path = CommandKeyDetail.swift; sourceTree = "<group>"; };
		3C1942D522C2782000BDF4A9 /* SafariContainterView.swift */ = {isa = PBXFileReference; lastKnownFileType = sourcecode.swift; path = SafariContainterView.swift; sourceTree = "<group>"; };
		3C1942D722C2ACE300BDF4A9 /* SettingsView.swift */ = {isa = PBXFileReference; lastKnownFileType = sourcecode.swift; path = SettingsView.swift; sourceTree = "<group>"; };
		3C1942DB22C2D62400BDF4A9 /* OSSView.swift */ = {isa = PBXFileReference; lastKnownFileType = sourcecode.swift; path = OSSView.swift; sourceTree = "<group>"; };
		3C1942DD22C2D6A900BDF4A9 /* AboutPaulView.swift */ = {isa = PBXFileReference; lastKnownFileType = sourcecode.swift; path = AboutPaulView.swift; sourceTree = "<group>"; };
		3C1B546122D4CB2A006F686A /* DoneButton.swift */ = {isa = PBXFileReference; lastKnownFileType = sourcecode.swift; path = DoneButton.swift; sourceTree = "<group>"; };
		3C2C5BBA22C2F6FA0064357D /* WorkExperienceCell.swift */ = {isa = PBXFileReference; lastKnownFileType = sourcecode.swift; path = WorkExperienceCell.swift; sourceTree = "<group>"; };
		3C2C5BBC22C2F7260064357D /* Resume.swift */ = {isa = PBXFileReference; lastKnownFileType = sourcecode.swift; path = Resume.swift; sourceTree = "<group>"; };
		3C58F95722D4EA5B00222C25 /* README.md */ = {isa = PBXFileReference; lastKnownFileType = net.daringfireball.markdown; path = README.md; sourceTree = "<group>"; };
		3C58F95822D4EB1B00222C25 /* CoreDataService.swift */ = {isa = PBXFileReference; lastKnownFileType = sourcecode.swift; path = CoreDataService.swift; sourceTree = "<group>"; };
		3C58F95B22D4EC9500222C25 /* CommandsPresenter.swift */ = {isa = PBXFileReference; lastKnownFileType = sourcecode.swift; path = CommandsPresenter.swift; sourceTree = "<group>"; };
		3C58F95D22D4EE4600222C25 /* README.md */ = {isa = PBXFileReference; lastKnownFileType = net.daringfireball.markdown; path = README.md; sourceTree = "<group>"; };
		3C58F95F22D4FB2700222C25 /* CoreDataServiceTests.swift */ = {isa = PBXFileReference; lastKnownFileType = sourcecode.swift; path = CoreDataServiceTests.swift; sourceTree = "<group>"; };
		3C58F96622D4FCC500222C25 /* TestingAppDelegate.swift */ = {isa = PBXFileReference; fileEncoding = 4; lastKnownFileType = sourcecode.swift; path = TestingAppDelegate.swift; sourceTree = "<group>"; };
		3C58F96822D4FCD800222C25 /* main.swift */ = {isa = PBXFileReference; lastKnownFileType = sourcecode.swift; path = main.swift; sourceTree = "<group>"; };
		3C63FDD122C410AE006956C5 /* CommanderTests.swift */ = {isa = PBXFileReference; lastKnownFileType = sourcecode.swift; path = CommanderTests.swift; sourceTree = "<group>"; };
		3C63FDD422C412C1006956C5 /* DataAssets.swift */ = {isa = PBXFileReference; lastKnownFileType = sourcecode.swift; path = DataAssets.swift; sourceTree = "<group>"; };
		3C63FDDB22C41763006956C5 /* OSSDataStore.swift */ = {isa = PBXFileReference; lastKnownFileType = sourcecode.swift; path = OSSDataStore.swift; sourceTree = "<group>"; };
		3C63FDDD22C41BB5006956C5 /* iPhoneEnvironment.swift */ = {isa = PBXFileReference; lastKnownFileType = sourcecode.swift; path = iPhoneEnvironment.swift; sourceTree = "<group>"; };
		3C766CEB22C3B5DA00BBB720 /* SwiftUI+Ext.swift */ = {isa = PBXFileReference; lastKnownFileType = sourcecode.swift; path = "SwiftUI+Ext.swift"; sourceTree = "<group>"; };
		3C766CED22C3C13C00BBB720 /* ContactMethodCell.swift */ = {isa = PBXFileReference; lastKnownFileType = sourcecode.swift; path = ContactMethodCell.swift; sourceTree = "<group>"; };
		3C766CEF22C3C5EB00BBB720 /* ListOStrings.swift */ = {isa = PBXFileReference; lastKnownFileType = sourcecode.swift; path = ListOStrings.swift; sourceTree = "<group>"; };
		3C766CF122C3C8D100BBB720 /* SwiftUI+Styles.swift */ = {isa = PBXFileReference; lastKnownFileType = sourcecode.swift; path = "SwiftUI+Styles.swift"; sourceTree = "<group>"; };
		3C919C4422D6C30C002FFFF6 /* CommandKeyTest.swift */ = {isa = PBXFileReference; lastKnownFileType = sourcecode.swift; path = CommandKeyTest.swift; sourceTree = "<group>"; };
		3CA1D6BE22D3CB7E0085049A /* PresentationLink2.swift */ = {isa = PBXFileReference; lastKnownFileType = sourcecode.swift; path = PresentationLink2.swift; sourceTree = "<group>"; };
		3CA1D6C022D3D4890085049A /* StartupCommander.entitlements */ = {isa = PBXFileReference; lastKnownFileType = text.plist.entitlements; path = StartupCommander.entitlements; sourceTree = "<group>"; };
		3CA1D6C222D3D48C0085049A /* CloudKit.framework */ = {isa = PBXFileReference; lastKnownFileType = wrapper.framework; name = CloudKit.framework; path = System/Library/Frameworks/CloudKit.framework; sourceTree = SDKROOT; };
		3CABDB0822D3957E00D62303 /* PhoneCaller.swift */ = {isa = PBXFileReference; lastKnownFileType = sourcecode.swift; path = PhoneCaller.swift; sourceTree = "<group>"; };
		3CABDB0A22D3964300D62303 /* EmailSender.swift */ = {isa = PBXFileReference; lastKnownFileType = sourcecode.swift; path = EmailSender.swift; sourceTree = "<group>"; };
		3CDE8C5222D50F2B002B2AB9 /* CoreDataContainerService.swift */ = {isa = PBXFileReference; lastKnownFileType = sourcecode.swift; path = CoreDataContainerService.swift; sourceTree = "<group>"; };
		3CDE8C5422D510B0002B2AB9 /* TestPersistentContainer.swift */ = {isa = PBXFileReference; lastKnownFileType = sourcecode.swift; path = TestPersistentContainer.swift; sourceTree = "<group>"; };
		3CDE8C5622D5197C002B2AB9 /* Command+CommandKey.swift */ = {isa = PBXFileReference; lastKnownFileType = sourcecode.swift; path = "Command+CommandKey.swift"; sourceTree = "<group>"; };
/* End PBXFileReference section */

/* Begin PBXFrameworksBuildPhase section */
		3C0D75AE22C1781A00EF0E0D /* Frameworks */ = {
			isa = PBXFrameworksBuildPhase;
			buildActionMask = 2147483647;
			files = (
				3C63FDDA22C4171F006956C5 /* SFSafeSymbols in Frameworks */,
				3CA1D6C322D3D48C0085049A /* CloudKit.framework in Frameworks */,
			);
			runOnlyForDeploymentPostprocessing = 0;
		};
		3C0D75C722C1781A00EF0E0D /* Frameworks */ = {
			isa = PBXFrameworksBuildPhase;
			buildActionMask = 2147483647;
			files = (
				3C58F96322D4FC6A00222C25 /* EntwineTest in Frameworks */,
				3C58F96522D4FC6A00222C25 /* Entwine in Frameworks */,
			);
			runOnlyForDeploymentPostprocessing = 0;
		};
		3C0D75D222C1781A00EF0E0D /* Frameworks */ = {
			isa = PBXFrameworksBuildPhase;
			buildActionMask = 2147483647;
			files = (
			);
			runOnlyForDeploymentPostprocessing = 0;
		};
/* End PBXFrameworksBuildPhase section */

/* Begin PBXGroup section */
		3C0D75A822C1781A00EF0E0D = {
			isa = PBXGroup;
			children = (
				3C0D75B322C1781A00EF0E0D /* StartupCommander */,
				3C0D75CD22C1781A00EF0E0D /* StartupCommanderTests */,
				3C0D75D822C1781A00EF0E0D /* StartupCommanderUITests */,
				3C0D75B222C1781A00EF0E0D /* Products */,
				3CA1D6C122D3D48C0085049A /* Frameworks */,
			);
			sourceTree = "<group>";
		};
		3C0D75B222C1781A00EF0E0D /* Products */ = {
			isa = PBXGroup;
			children = (
				3C0D75B122C1781A00EF0E0D /* StartupCommander.app */,
				3C0D75CA22C1781A00EF0E0D /* StartupCommanderTests.xctest */,
				3C0D75D522C1781A00EF0E0D /* StartupCommanderUITests.xctest */,
			);
			name = Products;
			sourceTree = "<group>";
		};
		3C0D75B322C1781A00EF0E0D /* StartupCommander */ = {
			isa = PBXGroup;
			children = (
				3CA1D6C022D3D4890085049A /* StartupCommander.entitlements */,
				3C0D75ED22C19F6000EF0E0D /* AppScene */,
				3C58F95622D4EA4300222C25 /* Services */,
				3C58F95A22D4EC7E00222C25 /* Presenters */,
				3C0D75EC22C19F4B00EF0E0D /* Models */,
				3C0D75EB22C19F3B00EF0E0D /* Views */,
				3C63FDD322C412AC006956C5 /* Assets */,
				3C0D75BF22C1781A00EF0E0D /* Preview Content */,
				3C0D75C522C1781A00EF0E0D /* Info.plist */,
			);
			path = StartupCommander;
			sourceTree = "<group>";
		};
		3C0D75BF22C1781A00EF0E0D /* Preview Content */ = {
			isa = PBXGroup;
			children = (
				3C0D75C022C1781A00EF0E0D /* Preview Assets.xcassets */,
				3C919C4422D6C30C002FFFF6 /* CommandKeyTest.swift */,
			);
			path = "Preview Content";
			sourceTree = "<group>";
		};
		3C0D75CD22C1781A00EF0E0D /* StartupCommanderTests */ = {
			isa = PBXGroup;
			children = (
				3CDE8C5922D55014002B2AB9 /* Fixtures */,
				3CDE8C5822D5500A002B2AB9 /* Mocks */,
				3C58F96622D4FCC500222C25 /* TestingAppDelegate.swift */,
				3C0D75D022C1781A00EF0E0D /* Info.plist */,
				3C63FDD122C410AE006956C5 /* CommanderTests.swift */,
				3C58F95F22D4FB2700222C25 /* CoreDataServiceTests.swift */,
				3CDE8C5422D510B0002B2AB9 /* TestPersistentContainer.swift */,
			);
			path = StartupCommanderTests;
			sourceTree = "<group>";
		};
		3C0D75D822C1781A00EF0E0D /* StartupCommanderUITests */ = {
			isa = PBXGroup;
			children = (
				3C0D75D922C1781A00EF0E0D /* StartupCommanderUITests.swift */,
				3C0D75DB22C1781A00EF0E0D /* Info.plist */,
			);
			path = StartupCommanderUITests;
			sourceTree = "<group>";
		};
		3C0D75EB22C19F3B00EF0E0D /* Views */ = {
			isa = PBXGroup;
			children = (
				3C58F95E22D4F26B00222C25 /* Utility */,
				3CABDB0C22D396EC00D62303 /* UIKitHost */,
				3C48363A22C456E7004513D2 /* Extensions */,
				3C0D75E922C19DD300EF0E0D /* MainNavigationView.swift */,
				3C0D75BB22C1781A00EF0E0D /* ContentView.swift */,
				3C0D75EE22C19F8C00EF0E0D /* CommandRow.swift */,
				3C0D75F022C1A49600EF0E0D /* CommandKeyDetail.swift */,
				3C1942D722C2ACE300BDF4A9 /* SettingsView.swift */,
				3C1942DB22C2D62400BDF4A9 /* OSSView.swift */,
				3C1942DD22C2D6A900BDF4A9 /* AboutPaulView.swift */,
				3C2C5BBA22C2F6FA0064357D /* WorkExperienceCell.swift */,
				3C766CED22C3C13C00BBB720 /* ContactMethodCell.swift */,
				3C766CEF22C3C5EB00BBB720 /* ListOStrings.swift */,
			);
			path = Views;
			sourceTree = "<group>";
		};
		3C0D75EC22C19F4B00EF0E0D /* Models */ = {
			isa = PBXGroup;
			children = (
				3C63FDDB22C41763006956C5 /* OSSDataStore.swift */,
				3C2C5BBC22C2F7260064357D /* Resume.swift */,
			);
			path = Models;
			sourceTree = "<group>";
		};
		3C0D75ED22C19F6000EF0E0D /* AppScene */ = {
			isa = PBXGroup;
			children = (
				3C58F96822D4FCD800222C25 /* main.swift */,
				3C0D75B422C1781A00EF0E0D /* AppDelegate.swift */,
				3C0D75B622C1781A00EF0E0D /* SceneDelegate.swift */,
				3C63FDDD22C41BB5006956C5 /* iPhoneEnvironment.swift */,
				3C0D75C222C1781A00EF0E0D /* LaunchScreen.storyboard */,
			);
			path = AppScene;
			sourceTree = "<group>";
		};
		3C48363A22C456E7004513D2 /* Extensions */ = {
			isa = PBXGroup;
			children = (
				3C766CEB22C3B5DA00BBB720 /* SwiftUI+Ext.swift */,
				3C766CF122C3C8D100BBB720 /* SwiftUI+Styles.swift */,
				3CA1D6BE22D3CB7E0085049A /* PresentationLink2.swift */,
				3C1B546122D4CB2A006F686A /* DoneButton.swift */,
			);
			path = Extensions;
			sourceTree = "<group>";
		};
		3C58F95622D4EA4300222C25 /* Services */ = {
			isa = PBXGroup;
			children = (
				3C58F95722D4EA5B00222C25 /* README.md */,
				3C58F96A22D5098700222C25 /* Core Data */,
			);
			path = Services;
			sourceTree = "<group>";
		};
		3C58F95A22D4EC7E00222C25 /* Presenters */ = {
			isa = PBXGroup;
			children = (
				3C58F95B22D4EC9500222C25 /* CommandsPresenter.swift */,
				3C58F95D22D4EE4600222C25 /* README.md */,
			);
			path = Presenters;
			sourceTree = "<group>";
		};
		3C58F95E22D4F26B00222C25 /* Utility */ = {
			isa = PBXGroup;
			children = (
				3CABDB0822D3957E00D62303 /* PhoneCaller.swift */,
			);
			path = Utility;
			sourceTree = "<group>";
		};
		3C58F96A22D5098700222C25 /* Core Data */ = {
			isa = PBXGroup;
			children = (
				3C58F95822D4EB1B00222C25 /* CoreDataService.swift */,
				3C0D75B822C1781A00EF0E0D /* StartupCommander.xcdatamodeld */,
				3CDE8C5222D50F2B002B2AB9 /* CoreDataContainerService.swift */,
				3CDE8C5622D5197C002B2AB9 /* Command+CommandKey.swift */,
			);
			path = "Core Data";
			sourceTree = "<group>";
		};
		3C63FDD322C412AC006956C5 /* Assets */ = {
			isa = PBXGroup;
			children = (
				3C0D75BD22C1781A00EF0E0D /* Assets.xcassets */,
				3C63FDD422C412C1006956C5 /* DataAssets.swift */,
			);
			path = Assets;
			sourceTree = "<group>";
		};
		3CA1D6C122D3D48C0085049A /* Frameworks */ = {
			isa = PBXGroup;
			children = (
				3CA1D6C222D3D48C0085049A /* CloudKit.framework */,
			);
			name = Frameworks;
			sourceTree = "<group>";
		};
		3CABDB0C22D396EC00D62303 /* UIKitHost */ = {
			isa = PBXGroup;
			children = (
				3C1942D522C2782000BDF4A9 /* SafariContainterView.swift */,
				3CABDB0A22D3964300D62303 /* EmailSender.swift */,
			);
			path = UIKitHost;
			sourceTree = "<group>";
		};
		3CDE8C5822D5500A002B2AB9 /* Mocks */ = {
			isa = PBXGroup;
			children = (
			);
			path = Mocks;
			sourceTree = "<group>";
		};
		3CDE8C5922D55014002B2AB9 /* Fixtures */ = {
			isa = PBXGroup;
			children = (
			);
			path = Fixtures;
			sourceTree = "<group>";
		};
/* End PBXGroup section */

/* Begin PBXNativeTarget section */
		3C0D75B022C1781A00EF0E0D /* StartupCommander */ = {
			isa = PBXNativeTarget;
			buildConfigurationList = 3C0D75DE22C1781A00EF0E0D /* Build configuration list for PBXNativeTarget "StartupCommander" */;
			buildPhases = (
				3C0D75AD22C1781A00EF0E0D /* Sources */,
				3C0D75AE22C1781A00EF0E0D /* Frameworks */,
				3C0D75AF22C1781A00EF0E0D /* Resources */,
			);
			buildRules = (
			);
			dependencies = (
			);
			name = StartupCommander;
			packageProductDependencies = (
				3C63FDD922C4171F006956C5 /* SFSafeSymbols */,
			);
			productName = StartupCommander;
			productReference = 3C0D75B122C1781A00EF0E0D /* StartupCommander.app */;
			productType = "com.apple.product-type.application";
		};
		3C0D75C922C1781A00EF0E0D /* StartupCommanderTests */ = {
			isa = PBXNativeTarget;
			buildConfigurationList = 3C0D75E122C1781A00EF0E0D /* Build configuration list for PBXNativeTarget "StartupCommanderTests" */;
			buildPhases = (
				3C0D75C622C1781A00EF0E0D /* Sources */,
				3C0D75C722C1781A00EF0E0D /* Frameworks */,
				3C0D75C822C1781A00EF0E0D /* Resources */,
			);
			buildRules = (
			);
			dependencies = (
				3C0D75CC22C1781A00EF0E0D /* PBXTargetDependency */,
			);
			name = StartupCommanderTests;
			packageProductDependencies = (
				3C58F96222D4FC6A00222C25 /* EntwineTest */,
				3C58F96422D4FC6A00222C25 /* Entwine */,
			);
			productName = StartupCommanderTests;
			productReference = 3C0D75CA22C1781A00EF0E0D /* StartupCommanderTests.xctest */;
			productType = "com.apple.product-type.bundle.unit-test";
		};
		3C0D75D422C1781A00EF0E0D /* StartupCommanderUITests */ = {
			isa = PBXNativeTarget;
			buildConfigurationList = 3C0D75E422C1781A00EF0E0D /* Build configuration list for PBXNativeTarget "StartupCommanderUITests" */;
			buildPhases = (
				3C0D75D122C1781A00EF0E0D /* Sources */,
				3C0D75D222C1781A00EF0E0D /* Frameworks */,
				3C0D75D322C1781A00EF0E0D /* Resources */,
			);
			buildRules = (
			);
			dependencies = (
				3C0D75D722C1781A00EF0E0D /* PBXTargetDependency */,
			);
			name = StartupCommanderUITests;
			productName = StartupCommanderUITests;
			productReference = 3C0D75D522C1781A00EF0E0D /* StartupCommanderUITests.xctest */;
			productType = "com.apple.product-type.bundle.ui-testing";
		};
/* End PBXNativeTarget section */

/* Begin PBXProject section */
		3C0D75A922C1781A00EF0E0D /* Project object */ = {
			isa = PBXProject;
			attributes = {
				LastSwiftUpdateCheck = 1100;
				LastUpgradeCheck = 1100;
				ORGANIZATIONNAME = "Paul Wood";
				TargetAttributes = {
					3C0D75B022C1781A00EF0E0D = {
						CreatedOnToolsVersion = 11.0;
					};
					3C0D75C922C1781A00EF0E0D = {
						CreatedOnToolsVersion = 11.0;
						TestTargetID = 3C0D75B022C1781A00EF0E0D;
					};
					3C0D75D422C1781A00EF0E0D = {
						CreatedOnToolsVersion = 11.0;
						TestTargetID = 3C0D75B022C1781A00EF0E0D;
					};
				};
			};
			buildConfigurationList = 3C0D75AC22C1781A00EF0E0D /* Build configuration list for PBXProject "StartupCommander" */;
			compatibilityVersion = "Xcode 9.3";
			developmentRegion = en;
			hasScannedForEncodings = 0;
			knownRegions = (
				en,
				Base,
			);
			mainGroup = 3C0D75A822C1781A00EF0E0D;
			packageReferences = (
				3C63FDD822C4171F006956C5 /* XCRemoteSwiftPackageReference "SFSafeSymbols" */,
				3C58F96122D4FC6A00222C25 /* XCRemoteSwiftPackageReference "Entwine" */,
			);
			productRefGroup = 3C0D75B222C1781A00EF0E0D /* Products */;
			projectDirPath = "";
			projectRoot = "";
			targets = (
				3C0D75B022C1781A00EF0E0D /* StartupCommander */,
				3C0D75C922C1781A00EF0E0D /* StartupCommanderTests */,
				3C0D75D422C1781A00EF0E0D /* StartupCommanderUITests */,
			);
		};
/* End PBXProject section */

/* Begin PBXResourcesBuildPhase section */
		3C0D75AF22C1781A00EF0E0D /* Resources */ = {
			isa = PBXResourcesBuildPhase;
			buildActionMask = 2147483647;
			files = (
				3C0D75C422C1781A00EF0E0D /* LaunchScreen.storyboard in Resources */,
				3C0D75C122C1781A00EF0E0D /* Preview Assets.xcassets in Resources */,
				3C0D75BE22C1781A00EF0E0D /* Assets.xcassets in Resources */,
			);
			runOnlyForDeploymentPostprocessing = 0;
		};
		3C0D75C822C1781A00EF0E0D /* Resources */ = {
			isa = PBXResourcesBuildPhase;
			buildActionMask = 2147483647;
			files = (
			);
			runOnlyForDeploymentPostprocessing = 0;
		};
		3C0D75D322C1781A00EF0E0D /* Resources */ = {
			isa = PBXResourcesBuildPhase;
			buildActionMask = 2147483647;
			files = (
			);
			runOnlyForDeploymentPostprocessing = 0;
		};
/* End PBXResourcesBuildPhase section */

/* Begin PBXSourcesBuildPhase section */
		3C0D75AD22C1781A00EF0E0D /* Sources */ = {
			isa = PBXSourcesBuildPhase;
			buildActionMask = 2147483647;
			files = (
				3C766CF022C3C5EB00BBB720 /* ListOStrings.swift in Sources */,
				3C63FDDC22C41763006956C5 /* OSSDataStore.swift in Sources */,
				3CDE8C5322D50F2B002B2AB9 /* CoreDataContainerService.swift in Sources */,
				3C2C5BBB22C2F6FA0064357D /* WorkExperienceCell.swift in Sources */,
				3C1942D622C2782000BDF4A9 /* SafariContainterView.swift in Sources */,
				3C0D75B522C1781A00EF0E0D /* AppDelegate.swift in Sources */,
				3C63FDD522C412C1006956C5 /* DataAssets.swift in Sources */,
				3CDE8C5722D5197C002B2AB9 /* Command+CommandKey.swift in Sources */,
				3C919C4522D6C30C002FFFF6 /* CommandKeyTest.swift in Sources */,
				3CABDB0B22D3964300D62303 /* EmailSender.swift in Sources */,
				3C0D75EF22C19F8C00EF0E0D /* CommandRow.swift in Sources */,
				3CABDB0922D3957E00D62303 /* PhoneCaller.swift in Sources */,
				3C0D75EA22C19DD300EF0E0D /* MainNavigationView.swift in Sources */,
				3C0D75B722C1781A00EF0E0D /* SceneDelegate.swift in Sources */,
				3C766CF222C3C8D100BBB720 /* SwiftUI+Styles.swift in Sources */,
				3C1942D822C2ACE300BDF4A9 /* SettingsView.swift in Sources */,
				3C1942DE22C2D6A900BDF4A9 /* AboutPaulView.swift in Sources */,
				3C58F95922D4EB1B00222C25 /* CoreDataService.swift in Sources */,
				3C63FDDE22C41BB5006956C5 /* iPhoneEnvironment.swift in Sources */,
				3C0D75F122C1A49600EF0E0D /* CommandKeyDetail.swift in Sources */,
				3C0D75BC22C1781A00EF0E0D /* ContentView.swift in Sources */,
				3C58F95C22D4EC9500222C25 /* CommandsPresenter.swift in Sources */,
				3C2C5BBD22C2F7260064357D /* Resume.swift in Sources */,
				3C1942DC22C2D62400BDF4A9 /* OSSView.swift in Sources */,
				3C58F96922D4FCD800222C25 /* main.swift in Sources */,
				3C1B546222D4CB2A006F686A /* DoneButton.swift in Sources */,
				3C766CEC22C3B5DA00BBB720 /* SwiftUI+Ext.swift in Sources */,
				3C0D75BA22C1781A00EF0E0D /* StartupCommander.xcdatamodeld in Sources */,
				3CA1D6BF22D3CB7E0085049A /* PresentationLink2.swift in Sources */,
				3C766CEE22C3C13C00BBB720 /* ContactMethodCell.swift in Sources */,
			);
			runOnlyForDeploymentPostprocessing = 0;
		};
		3C0D75C622C1781A00EF0E0D /* Sources */ = {
			isa = PBXSourcesBuildPhase;
			buildActionMask = 2147483647;
			files = (
				3CDE8C5A22D55157002B2AB9 /* TestPersistentContainer.swift in Sources */,
				3C58F96722D4FCC500222C25 /* TestingAppDelegate.swift in Sources */,
				3C58F96022D4FB2700222C25 /* CoreDataServiceTests.swift in Sources */,
				3C63FDD222C410AE006956C5 /* CommanderTests.swift in Sources */,
			);
			runOnlyForDeploymentPostprocessing = 0;
		};
		3C0D75D122C1781A00EF0E0D /* Sources */ = {
			isa = PBXSourcesBuildPhase;
			buildActionMask = 2147483647;
			files = (
				3C0D75DA22C1781A00EF0E0D /* StartupCommanderUITests.swift in Sources */,
			);
			runOnlyForDeploymentPostprocessing = 0;
		};
/* End PBXSourcesBuildPhase section */

/* Begin PBXTargetDependency section */
		3C0D75CC22C1781A00EF0E0D /* PBXTargetDependency */ = {
			isa = PBXTargetDependency;
			target = 3C0D75B022C1781A00EF0E0D /* StartupCommander */;
			targetProxy = 3C0D75CB22C1781A00EF0E0D /* PBXContainerItemProxy */;
		};
		3C0D75D722C1781A00EF0E0D /* PBXTargetDependency */ = {
			isa = PBXTargetDependency;
			target = 3C0D75B022C1781A00EF0E0D /* StartupCommander */;
			targetProxy = 3C0D75D622C1781A00EF0E0D /* PBXContainerItemProxy */;
		};
/* End PBXTargetDependency section */

/* Begin PBXVariantGroup section */
		3C0D75C222C1781A00EF0E0D /* LaunchScreen.storyboard */ = {
			isa = PBXVariantGroup;
			children = (
				3C0D75C322C1781A00EF0E0D /* Base */,
			);
			name = LaunchScreen.storyboard;
			sourceTree = "<group>";
		};
/* End PBXVariantGroup section */

/* Begin XCBuildConfiguration section */
		3C0D75DC22C1781A00EF0E0D /* Debug */ = {
			isa = XCBuildConfiguration;
			buildSettings = {
				ALWAYS_SEARCH_USER_PATHS = NO;
				CLANG_ANALYZER_NONNULL = YES;
				CLANG_ANALYZER_NUMBER_OBJECT_CONVERSION = YES_AGGRESSIVE;
				CLANG_CXX_LANGUAGE_STANDARD = "gnu++14";
				CLANG_CXX_LIBRARY = "libc++";
				CLANG_ENABLE_MODULES = YES;
				CLANG_ENABLE_OBJC_ARC = YES;
				CLANG_ENABLE_OBJC_WEAK = YES;
				CLANG_WARN_BLOCK_CAPTURE_AUTORELEASING = YES;
				CLANG_WARN_BOOL_CONVERSION = YES;
				CLANG_WARN_COMMA = YES;
				CLANG_WARN_CONSTANT_CONVERSION = YES;
				CLANG_WARN_DEPRECATED_OBJC_IMPLEMENTATIONS = YES;
				CLANG_WARN_DIRECT_OBJC_ISA_USAGE = YES_ERROR;
				CLANG_WARN_DOCUMENTATION_COMMENTS = YES;
				CLANG_WARN_EMPTY_BODY = YES;
				CLANG_WARN_ENUM_CONVERSION = YES;
				CLANG_WARN_INFINITE_RECURSION = YES;
				CLANG_WARN_INT_CONVERSION = YES;
				CLANG_WARN_NON_LITERAL_NULL_CONVERSION = YES;
				CLANG_WARN_OBJC_IMPLICIT_RETAIN_SELF = YES;
				CLANG_WARN_OBJC_LITERAL_CONVERSION = YES;
				CLANG_WARN_OBJC_ROOT_CLASS = YES_ERROR;
				CLANG_WARN_RANGE_LOOP_ANALYSIS = YES;
				CLANG_WARN_STRICT_PROTOTYPES = YES;
				CLANG_WARN_SUSPICIOUS_MOVE = YES;
				CLANG_WARN_UNGUARDED_AVAILABILITY = YES_AGGRESSIVE;
				CLANG_WARN_UNREACHABLE_CODE = YES;
				CLANG_WARN__DUPLICATE_METHOD_MATCH = YES;
				COPY_PHASE_STRIP = NO;
				DEBUG_INFORMATION_FORMAT = dwarf;
				ENABLE_STRICT_OBJC_MSGSEND = YES;
				ENABLE_TESTABILITY = YES;
				GCC_C_LANGUAGE_STANDARD = gnu11;
				GCC_DYNAMIC_NO_PIC = NO;
				GCC_NO_COMMON_BLOCKS = YES;
				GCC_OPTIMIZATION_LEVEL = 0;
				GCC_PREPROCESSOR_DEFINITIONS = (
					"DEBUG=1",
					"$(inherited)",
				);
				GCC_WARN_64_TO_32_BIT_CONVERSION = YES;
				GCC_WARN_ABOUT_RETURN_TYPE = YES_ERROR;
				GCC_WARN_UNDECLARED_SELECTOR = YES;
				GCC_WARN_UNINITIALIZED_AUTOS = YES_AGGRESSIVE;
				GCC_WARN_UNUSED_FUNCTION = YES;
				GCC_WARN_UNUSED_VARIABLE = YES;
				IPHONEOS_DEPLOYMENT_TARGET = 13.0;
				MTL_ENABLE_DEBUG_INFO = INCLUDE_SOURCE;
				MTL_FAST_MATH = YES;
				ONLY_ACTIVE_ARCH = YES;
				SDKROOT = iphoneos;
				SWIFT_ACTIVE_COMPILATION_CONDITIONS = DEBUG;
				SWIFT_OPTIMIZATION_LEVEL = "-Onone";
			};
			name = Debug;
		};
		3C0D75DD22C1781A00EF0E0D /* Release */ = {
			isa = XCBuildConfiguration;
			buildSettings = {
				ALWAYS_SEARCH_USER_PATHS = NO;
				CLANG_ANALYZER_NONNULL = YES;
				CLANG_ANALYZER_NUMBER_OBJECT_CONVERSION = YES_AGGRESSIVE;
				CLANG_CXX_LANGUAGE_STANDARD = "gnu++14";
				CLANG_CXX_LIBRARY = "libc++";
				CLANG_ENABLE_MODULES = YES;
				CLANG_ENABLE_OBJC_ARC = YES;
				CLANG_ENABLE_OBJC_WEAK = YES;
				CLANG_WARN_BLOCK_CAPTURE_AUTORELEASING = YES;
				CLANG_WARN_BOOL_CONVERSION = YES;
				CLANG_WARN_COMMA = YES;
				CLANG_WARN_CONSTANT_CONVERSION = YES;
				CLANG_WARN_DEPRECATED_OBJC_IMPLEMENTATIONS = YES;
				CLANG_WARN_DIRECT_OBJC_ISA_USAGE = YES_ERROR;
				CLANG_WARN_DOCUMENTATION_COMMENTS = YES;
				CLANG_WARN_EMPTY_BODY = YES;
				CLANG_WARN_ENUM_CONVERSION = YES;
				CLANG_WARN_INFINITE_RECURSION = YES;
				CLANG_WARN_INT_CONVERSION = YES;
				CLANG_WARN_NON_LITERAL_NULL_CONVERSION = YES;
				CLANG_WARN_OBJC_IMPLICIT_RETAIN_SELF = YES;
				CLANG_WARN_OBJC_LITERAL_CONVERSION = YES;
				CLANG_WARN_OBJC_ROOT_CLASS = YES_ERROR;
				CLANG_WARN_RANGE_LOOP_ANALYSIS = YES;
				CLANG_WARN_STRICT_PROTOTYPES = YES;
				CLANG_WARN_SUSPICIOUS_MOVE = YES;
				CLANG_WARN_UNGUARDED_AVAILABILITY = YES_AGGRESSIVE;
				CLANG_WARN_UNREACHABLE_CODE = YES;
				CLANG_WARN__DUPLICATE_METHOD_MATCH = YES;
				COPY_PHASE_STRIP = NO;
				DEBUG_INFORMATION_FORMAT = "dwarf-with-dsym";
				ENABLE_NS_ASSERTIONS = NO;
				ENABLE_STRICT_OBJC_MSGSEND = YES;
				GCC_C_LANGUAGE_STANDARD = gnu11;
				GCC_NO_COMMON_BLOCKS = YES;
				GCC_WARN_64_TO_32_BIT_CONVERSION = YES;
				GCC_WARN_ABOUT_RETURN_TYPE = YES_ERROR;
				GCC_WARN_UNDECLARED_SELECTOR = YES;
				GCC_WARN_UNINITIALIZED_AUTOS = YES_AGGRESSIVE;
				GCC_WARN_UNUSED_FUNCTION = YES;
				GCC_WARN_UNUSED_VARIABLE = YES;
				IPHONEOS_DEPLOYMENT_TARGET = 13.0;
				MTL_ENABLE_DEBUG_INFO = NO;
				MTL_FAST_MATH = YES;
				SDKROOT = iphoneos;
				SWIFT_COMPILATION_MODE = wholemodule;
				SWIFT_OPTIMIZATION_LEVEL = "-O";
				VALIDATE_PRODUCT = YES;
			};
			name = Release;
		};
		3C0D75DF22C1781A00EF0E0D /* Debug */ = {
			isa = XCBuildConfiguration;
			buildSettings = {
				ASSETCATALOG_COMPILER_APPICON_NAME = AppIcon;
				CODE_SIGN_ENTITLEMENTS = StartupCommander/StartupCommander.entitlements;
				CODE_SIGN_STYLE = Automatic;
				DEVELOPMENT_ASSET_PATHS = "StartupCommander/Preview\\ Content";
				DEVELOPMENT_TEAM = BDB4XSJTE3;
				ENABLE_PREVIEWS = YES;
				INFOPLIST_FILE = StartupCommander/Info.plist;
				LD_RUNPATH_SEARCH_PATHS = (
					"$(inherited)",
					"@executable_path/Frameworks",
				);
				PRODUCT_BUNDLE_IDENTIFIER = com.paulwoodiii.StartupCommander;
				PRODUCT_NAME = "$(TARGET_NAME)";
				SWIFT_VERSION = 5.0;
				TARGETED_DEVICE_FAMILY = "1,2";
			};
			name = Debug;
		};
		3C0D75E022C1781A00EF0E0D /* Release */ = {
			isa = XCBuildConfiguration;
			buildSettings = {
				ASSETCATALOG_COMPILER_APPICON_NAME = AppIcon;
				CODE_SIGN_ENTITLEMENTS = StartupCommander/StartupCommander.entitlements;
				CODE_SIGN_STYLE = Automatic;
				DEVELOPMENT_ASSET_PATHS = "StartupCommander/Preview\\ Content";
				DEVELOPMENT_TEAM = BDB4XSJTE3;
				ENABLE_PREVIEWS = YES;
				INFOPLIST_FILE = StartupCommander/Info.plist;
				LD_RUNPATH_SEARCH_PATHS = (
					"$(inherited)",
					"@executable_path/Frameworks",
				);
				PRODUCT_BUNDLE_IDENTIFIER = com.paulwoodiii.StartupCommander;
				PRODUCT_NAME = "$(TARGET_NAME)";
				SWIFT_VERSION = 5.0;
				TARGETED_DEVICE_FAMILY = "1,2";
			};
			name = Release;
		};
		3C0D75E222C1781A00EF0E0D /* Debug */ = {
			isa = XCBuildConfiguration;
			buildSettings = {
				ALWAYS_EMBED_SWIFT_STANDARD_LIBRARIES = YES;
				BUNDLE_LOADER = "$(TEST_HOST)";
				CODE_SIGN_STYLE = Automatic;
				DEVELOPMENT_TEAM = BDB4XSJTE3;
				INFOPLIST_FILE = StartupCommanderTests/Info.plist;
				LD_RUNPATH_SEARCH_PATHS = (
					"$(inherited)",
					"@executable_path/Frameworks",
					"@loader_path/Frameworks",
				);
				PRODUCT_BUNDLE_IDENTIFIER = com.paulwoodiii.StartupCommanderTests;
				PRODUCT_NAME = "$(TARGET_NAME)";
				SWIFT_VERSION = 5.0;
				TARGETED_DEVICE_FAMILY = "1,2";
				TEST_HOST = "$(BUILT_PRODUCTS_DIR)/StartupCommander.app/StartupCommander";
			};
			name = Debug;
		};
		3C0D75E322C1781A00EF0E0D /* Release */ = {
			isa = XCBuildConfiguration;
			buildSettings = {
				ALWAYS_EMBED_SWIFT_STANDARD_LIBRARIES = YES;
				BUNDLE_LOADER = "$(TEST_HOST)";
				CODE_SIGN_STYLE = Automatic;
				DEVELOPMENT_TEAM = BDB4XSJTE3;
				INFOPLIST_FILE = StartupCommanderTests/Info.plist;
				LD_RUNPATH_SEARCH_PATHS = (
					"$(inherited)",
					"@executable_path/Frameworks",
					"@loader_path/Frameworks",
				);
				PRODUCT_BUNDLE_IDENTIFIER = com.paulwoodiii.StartupCommanderTests;
				PRODUCT_NAME = "$(TARGET_NAME)";
				SWIFT_VERSION = 5.0;
				TARGETED_DEVICE_FAMILY = "1,2";
				TEST_HOST = "$(BUILT_PRODUCTS_DIR)/StartupCommander.app/StartupCommander";
			};
			name = Release;
		};
		3C0D75E522C1781A00EF0E0D /* Debug */ = {
			isa = XCBuildConfiguration;
			buildSettings = {
				ALWAYS_EMBED_SWIFT_STANDARD_LIBRARIES = YES;
				CODE_SIGN_STYLE = Automatic;
				DEVELOPMENT_TEAM = BDB4XSJTE3;
				INFOPLIST_FILE = StartupCommanderUITests/Info.plist;
				LD_RUNPATH_SEARCH_PATHS = (
					"$(inherited)",
					"@executable_path/Frameworks",
					"@loader_path/Frameworks",
				);
				PRODUCT_BUNDLE_IDENTIFIER = com.paulwoodiii.StartupCommanderUITests;
				PRODUCT_NAME = "$(TARGET_NAME)";
				SWIFT_VERSION = 5.0;
				TARGETED_DEVICE_FAMILY = "1,2";
				TEST_TARGET_NAME = StartupCommander;
			};
			name = Debug;
		};
		3C0D75E622C1781A00EF0E0D /* Release */ = {
			isa = XCBuildConfiguration;
			buildSettings = {
				ALWAYS_EMBED_SWIFT_STANDARD_LIBRARIES = YES;
				CODE_SIGN_STYLE = Automatic;
				DEVELOPMENT_TEAM = BDB4XSJTE3;
				INFOPLIST_FILE = StartupCommanderUITests/Info.plist;
				LD_RUNPATH_SEARCH_PATHS = (
					"$(inherited)",
					"@executable_path/Frameworks",
					"@loader_path/Frameworks",
				);
				PRODUCT_BUNDLE_IDENTIFIER = com.paulwoodiii.StartupCommanderUITests;
				PRODUCT_NAME = "$(TARGET_NAME)";
				SWIFT_VERSION = 5.0;
				TARGETED_DEVICE_FAMILY = "1,2";
				TEST_TARGET_NAME = StartupCommander;
			};
			name = Release;
		};
/* End XCBuildConfiguration section */

/* Begin XCConfigurationList section */
		3C0D75AC22C1781A00EF0E0D /* Build configuration list for PBXProject "StartupCommander" */ = {
			isa = XCConfigurationList;
			buildConfigurations = (
				3C0D75DC22C1781A00EF0E0D /* Debug */,
				3C0D75DD22C1781A00EF0E0D /* Release */,
			);
			defaultConfigurationIsVisible = 0;
			defaultConfigurationName = Release;
		};
		3C0D75DE22C1781A00EF0E0D /* Build configuration list for PBXNativeTarget "StartupCommander" */ = {
			isa = XCConfigurationList;
			buildConfigurations = (
				3C0D75DF22C1781A00EF0E0D /* Debug */,
				3C0D75E022C1781A00EF0E0D /* Release */,
			);
			defaultConfigurationIsVisible = 0;
			defaultConfigurationName = Release;
		};
		3C0D75E122C1781A00EF0E0D /* Build configuration list for PBXNativeTarget "StartupCommanderTests" */ = {
			isa = XCConfigurationList;
			buildConfigurations = (
				3C0D75E222C1781A00EF0E0D /* Debug */,
				3C0D75E322C1781A00EF0E0D /* Release */,
			);
			defaultConfigurationIsVisible = 0;
			defaultConfigurationName = Release;
		};
		3C0D75E422C1781A00EF0E0D /* Build configuration list for PBXNativeTarget "StartupCommanderUITests" */ = {
			isa = XCConfigurationList;
			buildConfigurations = (
				3C0D75E522C1781A00EF0E0D /* Debug */,
				3C0D75E622C1781A00EF0E0D /* Release */,
			);
			defaultConfigurationIsVisible = 0;
			defaultConfigurationName = Release;
		};
/* End XCConfigurationList section */

/* Begin XCRemoteSwiftPackageReference section */
		3C58F96122D4FC6A00222C25 /* XCRemoteSwiftPackageReference "Entwine" */ = {
			isa = XCRemoteSwiftPackageReference;
			repositoryURL = "https://github.com/tcldr/Entwine";
			requirement = {
				kind = upToNextMajorVersion;
				minimumVersion = 0.4.0;
			};
		};
		3C63FDD822C4171F006956C5 /* XCRemoteSwiftPackageReference "SFSafeSymbols" */ = {
			isa = XCRemoteSwiftPackageReference;
			repositoryURL = "https://github.com/piknotech/SFSafeSymbols.git";
			requirement = {
				kind = upToNextMajorVersion;
				minimumVersion = 0.3.1;
			};
		};
/* End XCRemoteSwiftPackageReference section */

/* Begin XCSwiftPackageProductDependency section */
		3C58F96222D4FC6A00222C25 /* EntwineTest */ = {
			isa = XCSwiftPackageProductDependency;
			package = 3C58F96122D4FC6A00222C25 /* XCRemoteSwiftPackageReference "Entwine" */;
			productName = EntwineTest;
		};
		3C58F96422D4FC6A00222C25 /* Entwine */ = {
			isa = XCSwiftPackageProductDependency;
			package = 3C58F96122D4FC6A00222C25 /* XCRemoteSwiftPackageReference "Entwine" */;
			productName = Entwine;
		};
		3C63FDD922C4171F006956C5 /* SFSafeSymbols */ = {
			isa = XCSwiftPackageProductDependency;
			package = 3C63FDD822C4171F006956C5 /* XCRemoteSwiftPackageReference "SFSafeSymbols" */;
			productName = SFSafeSymbols;
		};
/* End XCSwiftPackageProductDependency section */

/* Begin XCVersionGroup section */
		3C0D75B822C1781A00EF0E0D /* StartupCommander.xcdatamodeld */ = {
			isa = XCVersionGroup;
			children = (
				3C0D75B922C1781A00EF0E0D /* StartupCommander.xcdatamodel */,
			);
			currentVersion = 3C0D75B922C1781A00EF0E0D /* StartupCommander.xcdatamodel */;
			path = StartupCommander.xcdatamodeld;
			sourceTree = "<group>";
			versionGroupType = wrapper.xcdatamodel;
		};
/* End XCVersionGroup section */
	};
	rootObject = 3C0D75A922C1781A00EF0E0D /* Project object */;
}
