{
  "object": {
    "pins": [
      {
        "package": "CombineFeedback",
        "repositoryURL": "https://github.com/sergdort/CombineFeedback",
        "state": {
          "branch": "master",
          "revision": "f14606fe13fc36d38ee396b776e95f30b746fed9",
          "version": null
        }
      },
      {
        "package": "Entwine",
        "repositoryURL": "https://github.com/tcldr/Entwine",
        "state": {
          "branch": null,
          "revision": "414b359732dd5bb8461c01e372b9d3662426e85f",
          "version": "0.6.0"
        }
      },
      {
        "package": "SafePreviewDevices",
        "repositoryURL": "https://github.com/PaulWoodIII/SafePreviewDevices",
        "state": {
          "branch": "master",
          "revision": "6805e67cfede9a61446e751457373638347bfcca",
          "version": null
        }
      },
      {
        "package": "SFSafeSymbols",
        "repositoryURL": "https://github.com/piknotech/SFSafeSymbols.git",
        "state": {
          "branch": null,
          "revision": "6d243eed009eacef4354f80315309ba4e089c1ab",
          "version": "0.4.0"
        }
      }
    ]
  },
  "version": 1
}
